
Microsoft Visual Studio Solution File, Format Version 12.00
Project("{FAE04EC0-301F-11D3-BF4B-00C04F79EFBC}") = "AlphaSkia.Native.Windows", "AlphaSkia.Native.Windows\AlphaSkia.Native.Windows.csproj", "{309F4444-D64C-4B04-9BFB-50DBB3B8A2BE}"
EndProject
Project("{FAE04EC0-301F-11D3-BF4B-00C04F79EFBC}") = "AlphaSkia.Native.Linux", "AlphaSkia.Native.Linux\AlphaSkia.Native.Linux.csproj", "{362C09B9-DD8A-4CAF-90A0-4C3DE6A29C27}"
EndProject
Project("{FAE04EC0-301F-11D3-BF4B-00C04F79EFBC}") = "AlphaSkia", "AlphaSkia\AlphaSkia.csproj", "{AF194919-7A20-4749-895A-53A35CB666E9}"
EndProject
Project("{FAE04EC0-301F-11D3-BF4B-00C04F79EFBC}") = "AlphaSkia.Native.Android", "AlphaSkia.Native.Android\AlphaSkia.Native.Android.csproj", "{0500984B-5733-499A-850F-3CD964B9BE5A}"
EndProject
Project("{FAE04EC0-301F-11D3-BF4B-00C04F79EFBC}") = "AlphaSkia.Native.MacOs", "AlphaSkia.Native.MacOs\AlphaSkia.Native.MacOs.csproj", "{6727C66F-7AD0-4E81-BDDE-E9422B0601A5}"
EndProject
Project("{FAE04EC0-301F-11D3-BF4B-00C04F79EFBC}") = "AlphaSkia.Native.iOS", "AlphaSkia.Native.iOS\AlphaSkia.Native.iOS.csproj", "{E20172D9-D9E5-495B-91CC-B21B36BA3BF4}"
EndProject
Global
	GlobalSection(SolutionConfigurationPlatforms) = preSolution
		Debug|Any CPU = Debug|Any CPU
		Release|Any CPU = Release|Any CPU
	EndGlobalSection
	GlobalSection(ProjectConfigurationPlatforms) = postSolution
		{309F4444-D64C-4B04-9BFB-50DBB3B8A2BE}.Debug|Any CPU.ActiveCfg = Debug|Any CPU
		{309F4444-D64C-4B04-9BFB-50DBB3B8A2BE}.Debug|Any CPU.Build.0 = Debug|Any CPU
		{309F4444-D64C-4B04-9BFB-50DBB3B8A2BE}.Release|Any CPU.ActiveCfg = Release|Any CPU
		{309F4444-D64C-4B04-9BFB-50DBB3B8A2BE}.Release|Any CPU.Build.0 = Release|Any CPU
		{362C09B9-DD8A-4CAF-90A0-4C3DE6A29C27}.Debug|Any CPU.ActiveCfg = Debug|Any CPU
		{362C09B9-DD8A-4CAF-90A0-4C3DE6A29C27}.Debug|Any CPU.Build.0 = Debug|Any CPU
		{362C09B9-DD8A-4CAF-90A0-4C3DE6A29C27}.Release|Any CPU.ActiveCfg = Release|Any CPU
		{362C09B9-DD8A-4CAF-90A0-4C3DE6A29C27}.Release|Any CPU.Build.0 = Release|Any CPU
		{AF194919-7A20-4749-895A-53A35CB666E9}.Debug|Any CPU.ActiveCfg = Debug|Any CPU
		{AF194919-7A20-4749-895A-53A35CB666E9}.Debug|Any CPU.Build.0 = Debug|Any CPU
		{AF194919-7A20-4749-895A-53A35CB666E9}.Release|Any CPU.ActiveCfg = Release|Any CPU
		{AF194919-7A20-4749-895A-53A35CB666E9}.Release|Any CPU.Build.0 = Release|Any CPU
		{0500984B-5733-499A-850F-3CD964B9BE5A}.Debug|Any CPU.ActiveCfg = Debug|Any CPU
		{0500984B-5733-499A-850F-3CD964B9BE5A}.Debug|Any CPU.Build.0 = Debug|Any CPU
		{0500984B-5733-499A-850F-3CD964B9BE5A}.Release|Any CPU.ActiveCfg = Release|Any CPU
		{0500984B-5733-499A-850F-3CD964B9BE5A}.Release|Any CPU.Build.0 = Release|Any CPU
		{6727C66F-7AD0-4E81-BDDE-E9422B0601A5}.Debug|Any CPU.ActiveCfg = Debug|Any CPU
		{6727C66F-7AD0-4E81-BDDE-E9422B0601A5}.Debug|Any CPU.Build.0 = Debug|Any CPU
		{6727C66F-7AD0-4E81-BDDE-E9422B0601A5}.Release|Any CPU.ActiveCfg = Release|Any CPU
		{6727C66F-7AD0-4E81-BDDE-E9422B0601A5}.Release|Any CPU.Build.0 = Release|Any CPU
		{E20172D9-D9E5-495B-91CC-B21B36BA3BF4}.Debug|Any CPU.ActiveCfg = Debug|Any CPU
		{E20172D9-D9E5-495B-91CC-B21B36BA3BF4}.Debug|Any CPU.Build.0 = Debug|Any CPU
		{E20172D9-D9E5-495B-91CC-B21B36BA3BF4}.Release|Any CPU.ActiveCfg = Release|Any CPU
		{E20172D9-D9E5-495B-91CC-B21B36BA3BF4}.Release|Any CPU.Build.0 = Release|Any CPU
	EndGlobalSection
	GlobalSection(NestedProjects) = preSolution
	EndGlobalSection
EndGlobal
