{
  "name": "@coderline/alphaskia-windows",
  "version": "2.0.0",
  "lockfileVersion": 3,
  "requires": true,
  "packages": {
    "": {
      "name": "@coderline/alphaskia-windows",
      "version": "2.0.0",
      "license": "BSD-3-Clause",
      "engines": {
        "node": ">=18.0.0"
      }
    }
  }
}
