
Microsoft Visual Studio Solution File, Format Version 12.00
Project("{FAE04EC0-301F-11D3-BF4B-00C04F79EFBC}") = "AlphaSkia.Test", "AlphaSkia.Test\AlphaSkia.Test.csproj", "{D846E24D-7401-457A-9134-8A683AE26EA2}"
EndProject
Global
	GlobalSection(SolutionConfigurationPlatforms) = preSolution
		Debug|Any CPU = Debug|Any CPU
		Release|Any CPU = Release|Any CPU
	EndGlobalSection
	GlobalSection(ProjectConfigurationPlatforms) = postSolution
		{D846E24D-7401-457A-9134-8A683AE26EA2}.Debug|Any CPU.ActiveCfg = Debug|Any CPU
		{D846E24D-7401-457A-9134-8A683AE26EA2}.Debug|Any CPU.Build.0 = Debug|Any CPU
		{D846E24D-7401-457A-9134-8A683AE26EA2}.Release|Any CPU.ActiveCfg = Release|Any CPU
		{D846E24D-7401-457A-9134-8A683AE26EA2}.Release|Any CPU.Build.0 = Release|Any CPU
	EndGlobalSection
EndGlobal
